
Microsoft Visual Studio Solution File, Format Version 12.00
# Visual Studio Version 17
VisualStudioVersion = 17.7.34024.191
MinimumVisualStudioVersion = 10.0.40219.1
Project("{FAE04EC0-301F-11D3-BF4B-00C04F79EFBC}") = "IfElseYapisi", "IfElseYapisi\IfElseYapisi.csproj", "{B12A72F9-F106-4489-88E6-6335DCBDDADE}"
EndProject
Global
	GlobalSection(SolutionConfigurationPlatforms) = preSolution
		Debug|Any CPU = Debug|Any CPU
		Release|Any CPU = Release|Any CPU
	EndGlobalSection
	GlobalSection(ProjectConfigurationPlatforms) = postSolution
		{B12A72F9-F106-4489-88E6-6335DCBDDADE}.Debug|Any CPU.ActiveCfg = Debug|Any CPU
		{B12A72F9-F106-4489-88E6-6335DCBDDADE}.Debug|Any CPU.Build.0 = Debug|Any CPU
		{B12A72F9-F106-4489-88E6-6335DCBDDADE}.Release|Any CPU.ActiveCfg = Release|Any CPU
		{B12A72F9-F106-4489-88E6-6335DCBDDADE}.Release|Any CPU.Build.0 = Release|Any CPU
	EndGlobalSection
	GlobalSection(SolutionProperties) = preSolution
		HideSolutionNode = FALSE
	EndGlobalSection
	GlobalSection(ExtensibilityGlobals) = postSolution
		SolutionGuid = {6D1AD0E6-4B23-4569-B8A1-720CD23AA432}
	EndGlobalSection
EndGlobal
